
Microsoft Visual Studio Solution File, Format Version 12.00
# Visual Studio 2013
VisualStudioVersion = 12.0.40629.0
MinimumVisualStudioVersion = 10.0.40219.1
Project("{FAE04EC0-301F-11D3-BF4B-00C04F79EFBC}") = "YwRtdLib", "YwRtdLib\YwRtdLib.csproj", "{A126A16D-8BF5-480A-BB4E-F987293781F6}"
EndProject
Project("{FAE04EC0-301F-11D3-BF4B-00C04F79EFBC}") = "YwRtdConsole", "YwRtdConsole\YwRtdConsole.csproj", "{FC2D6393-0BB7-426D-B5EF-E2CF3AA70A9F}"
EndProject
Project("{FAE04EC0-301F-11D3-BF4B-00C04F79EFBC}") = "YwRtdAp", "YwRtdAp\YwRtdAp.csproj", "{948B0C32-6731-472D-AABF-6C11E3BE4CCD}"
EndProject
Global
	GlobalSection(SolutionConfigurationPlatforms) = preSolution
		Debug|Any CPU = Debug|Any CPU
		Release|Any CPU = Release|Any CPU
	EndGlobalSection
	GlobalSection(ProjectConfigurationPlatforms) = postSolution
		{A126A16D-8BF5-480A-BB4E-F987293781F6}.Debug|Any CPU.ActiveCfg = Debug|Any CPU
		{A126A16D-8BF5-480A-BB4E-F987293781F6}.Debug|Any CPU.Build.0 = Debug|Any CPU
		{A126A16D-8BF5-480A-BB4E-F987293781F6}.Release|Any CPU.ActiveCfg = Release|Any CPU
		{A126A16D-8BF5-480A-BB4E-F987293781F6}.Release|Any CPU.Build.0 = Release|Any CPU
		{FC2D6393-0BB7-426D-B5EF-E2CF3AA70A9F}.Debug|Any CPU.ActiveCfg = Debug|Any CPU
		{FC2D6393-0BB7-426D-B5EF-E2CF3AA70A9F}.Debug|Any CPU.Build.0 = Debug|Any CPU
		{FC2D6393-0BB7-426D-B5EF-E2CF3AA70A9F}.Release|Any CPU.ActiveCfg = Release|Any CPU
		{FC2D6393-0BB7-426D-B5EF-E2CF3AA70A9F}.Release|Any CPU.Build.0 = Release|Any CPU
		{948B0C32-6731-472D-AABF-6C11E3BE4CCD}.Debug|Any CPU.ActiveCfg = Debug|Any CPU
		{948B0C32-6731-472D-AABF-6C11E3BE4CCD}.Debug|Any CPU.Build.0 = Debug|Any CPU
		{948B0C32-6731-472D-AABF-6C11E3BE4CCD}.Release|Any CPU.ActiveCfg = Release|Any CPU
		{948B0C32-6731-472D-AABF-6C11E3BE4CCD}.Release|Any CPU.Build.0 = Release|Any CPU
	EndGlobalSection
	GlobalSection(SolutionProperties) = preSolution
		HideSolutionNode = FALSE
	EndGlobalSection
EndGlobal
